
Microsoft Visual Studio Solution File, Format Version 12.00
# Visual Studio 15
VisualStudioVersion = 15.0.28307.960
MinimumVisualStudioVersion = 10.0.40219.1
Project("{FAE04EC0-301F-11D3-BF4B-00C04F79EFBC}") = "13 WPF02", "13 WPF02\13 WPF02.csproj", "{D409CD01-FA1B-4328-9A7A-116089F7014A}"
EndProject
Global
	GlobalSection(SolutionConfigurationPlatforms) = preSolution
		Debug|Any CPU = Debug|Any CPU
		Release|Any CPU = Release|Any CPU
	EndGlobalSection
	GlobalSection(ProjectConfigurationPlatforms) = postSolution
		{D409CD01-FA1B-4328-9A7A-116089F7014A}.Debug|Any CPU.ActiveCfg = Debug|Any CPU
		{D409CD01-FA1B-4328-9A7A-116089F7014A}.Debug|Any CPU.Build.0 = Debug|Any CPU
		{D409CD01-FA1B-4328-9A7A-116089F7014A}.Release|Any CPU.ActiveCfg = Release|Any CPU
		{D409CD01-FA1B-4328-9A7A-116089F7014A}.Release|Any CPU.Build.0 = Release|Any CPU
	EndGlobalSection
	GlobalSection(SolutionProperties) = preSolution
		HideSolutionNode = FALSE
	EndGlobalSection
	GlobalSection(ExtensibilityGlobals) = postSolution
		SolutionGuid = {456AE21B-8F84-4C7E-BF44-6D0D0D7AE237}
	EndGlobalSection
EndGlobal
