
Microsoft Visual Studio Solution File, Format Version 12.00
# Visual Studio 15
VisualStudioVersion = 15.0.28307.852
MinimumVisualStudioVersion = 10.0.40219.1
Project("{FAE04EC0-301F-11D3-BF4B-00C04F79EFBC}") = "07 - Jagged Array", "07 - Jagged Array\07 - Jagged Array.csproj", "{5427F27E-14B3-44D4-A053-E33FA7199E2D}"
EndProject
Global
	GlobalSection(SolutionConfigurationPlatforms) = preSolution
		Debug|Any CPU = Debug|Any CPU
		Release|Any CPU = Release|Any CPU
	EndGlobalSection
	GlobalSection(ProjectConfigurationPlatforms) = postSolution
		{5427F27E-14B3-44D4-A053-E33FA7199E2D}.Debug|Any CPU.ActiveCfg = Debug|Any CPU
		{5427F27E-14B3-44D4-A053-E33FA7199E2D}.Debug|Any CPU.Build.0 = Debug|Any CPU
		{5427F27E-14B3-44D4-A053-E33FA7199E2D}.Release|Any CPU.ActiveCfg = Release|Any CPU
		{5427F27E-14B3-44D4-A053-E33FA7199E2D}.Release|Any CPU.Build.0 = Release|Any CPU
	EndGlobalSection
	GlobalSection(SolutionProperties) = preSolution
		HideSolutionNode = FALSE
	EndGlobalSection
	GlobalSection(ExtensibilityGlobals) = postSolution
		SolutionGuid = {B7BB1A84-1FF4-4ABA-82F0-893067AD113C}
	EndGlobalSection
EndGlobal
