
Microsoft Visual Studio Solution File, Format Version 12.00
# Visual Studio 15
VisualStudioVersion = 15.0.28307.902
MinimumVisualStudioVersion = 10.0.40219.1
Project("{FAE04EC0-301F-11D3-BF4B-00C04F79EFBC}") = "11 Random Class", "11 Random Class\11 Random Class.csproj", "{88732029-4852-414C-B130-33AE8A6C306A}"
EndProject
Global
	GlobalSection(SolutionConfigurationPlatforms) = preSolution
		Debug|Any CPU = Debug|Any CPU
		Release|Any CPU = Release|Any CPU
	EndGlobalSection
	GlobalSection(ProjectConfigurationPlatforms) = postSolution
		{88732029-4852-414C-B130-33AE8A6C306A}.Debug|Any CPU.ActiveCfg = Debug|Any CPU
		{88732029-4852-414C-B130-33AE8A6C306A}.Debug|Any CPU.Build.0 = Debug|Any CPU
		{88732029-4852-414C-B130-33AE8A6C306A}.Release|Any CPU.ActiveCfg = Release|Any CPU
		{88732029-4852-414C-B130-33AE8A6C306A}.Release|Any CPU.Build.0 = Release|Any CPU
	EndGlobalSection
	GlobalSection(SolutionProperties) = preSolution
		HideSolutionNode = FALSE
	EndGlobalSection
	GlobalSection(ExtensibilityGlobals) = postSolution
		SolutionGuid = {7477BE0C-8A89-4478-A687-78ABC9008374}
	EndGlobalSection
EndGlobal
