
Microsoft Visual Studio Solution File, Format Version 12.00
# Visual Studio 15
VisualStudioVersion = 15.0.28307.852
MinimumVisualStudioVersion = 10.0.40219.1
Project("{FAE04EC0-301F-11D3-BF4B-00C04F79EFBC}") = "ConsoleDecisionMaking", "ConsoleDecisionMaking\ConsoleDecisionMaking.csproj", "{2D6D8327-89B3-4C53-BEFD-C411F5ED786D}"
EndProject
Global
	GlobalSection(SolutionConfigurationPlatforms) = preSolution
		Debug|Any CPU = Debug|Any CPU
		Release|Any CPU = Release|Any CPU
	EndGlobalSection
	GlobalSection(ProjectConfigurationPlatforms) = postSolution
		{2D6D8327-89B3-4C53-BEFD-C411F5ED786D}.Debug|Any CPU.ActiveCfg = Debug|Any CPU
		{2D6D8327-89B3-4C53-BEFD-C411F5ED786D}.Debug|Any CPU.Build.0 = Debug|Any CPU
		{2D6D8327-89B3-4C53-BEFD-C411F5ED786D}.Release|Any CPU.ActiveCfg = Release|Any CPU
		{2D6D8327-89B3-4C53-BEFD-C411F5ED786D}.Release|Any CPU.Build.0 = Release|Any CPU
	EndGlobalSection
	GlobalSection(SolutionProperties) = preSolution
		HideSolutionNode = FALSE
	EndGlobalSection
	GlobalSection(ExtensibilityGlobals) = postSolution
		SolutionGuid = {FF9CAA1A-C6C8-4ACA-89B7-CCD9E5BEA4AB}
	EndGlobalSection
EndGlobal
