
Microsoft Visual Studio Solution File, Format Version 12.00
# Visual Studio 15
VisualStudioVersion = 15.0.28307.852
MinimumVisualStudioVersion = 10.0.40219.1
Project("{FAE04EC0-301F-11D3-BF4B-00C04F79EFBC}") = "ConsoleOOP", "ConsoleOOP\ConsoleOOP.csproj", "{5AD83C84-CFDC-460E-9671-05932047D296}"
EndProject
Global
	GlobalSection(SolutionConfigurationPlatforms) = preSolution
		Debug|Any CPU = Debug|Any CPU
		Release|Any CPU = Release|Any CPU
	EndGlobalSection
	GlobalSection(ProjectConfigurationPlatforms) = postSolution
		{5AD83C84-CFDC-460E-9671-05932047D296}.Debug|Any CPU.ActiveCfg = Debug|Any CPU
		{5AD83C84-CFDC-460E-9671-05932047D296}.Debug|Any CPU.Build.0 = Debug|Any CPU
		{5AD83C84-CFDC-460E-9671-05932047D296}.Release|Any CPU.ActiveCfg = Release|Any CPU
		{5AD83C84-CFDC-460E-9671-05932047D296}.Release|Any CPU.Build.0 = Release|Any CPU
	EndGlobalSection
	GlobalSection(SolutionProperties) = preSolution
		HideSolutionNode = FALSE
	EndGlobalSection
	GlobalSection(ExtensibilityGlobals) = postSolution
		SolutionGuid = {68CCA6A2-4817-42E1-AC27-857ECF59448D}
	EndGlobalSection
EndGlobal
