
Microsoft Visual Studio Solution File, Format Version 12.00
# Visual Studio 15
VisualStudioVersion = 15.0.28307.902
MinimumVisualStudioVersion = 10.0.40219.1
Project("{FAE04EC0-301F-11D3-BF4B-00C04F79EFBC}") = "08 Inheritance Demo", "08 Inheritance Demo\08 Inheritance Demo.csproj", "{BFE0BDA0-7423-4256-AD0C-4DCD8C221C43}"
EndProject
Global
	GlobalSection(SolutionConfigurationPlatforms) = preSolution
		Debug|Any CPU = Debug|Any CPU
		Release|Any CPU = Release|Any CPU
	EndGlobalSection
	GlobalSection(ProjectConfigurationPlatforms) = postSolution
		{BFE0BDA0-7423-4256-AD0C-4DCD8C221C43}.Debug|Any CPU.ActiveCfg = Debug|Any CPU
		{BFE0BDA0-7423-4256-AD0C-4DCD8C221C43}.Debug|Any CPU.Build.0 = Debug|Any CPU
		{BFE0BDA0-7423-4256-AD0C-4DCD8C221C43}.Release|Any CPU.ActiveCfg = Release|Any CPU
		{BFE0BDA0-7423-4256-AD0C-4DCD8C221C43}.Release|Any CPU.Build.0 = Release|Any CPU
	EndGlobalSection
	GlobalSection(SolutionProperties) = preSolution
		HideSolutionNode = FALSE
	EndGlobalSection
	GlobalSection(ExtensibilityGlobals) = postSolution
		SolutionGuid = {3CA1A5D0-06C4-4CBA-A1F5-A17AA3807E65}
	EndGlobalSection
EndGlobal
