
Microsoft Visual Studio Solution File, Format Version 12.00
# Visual Studio 15
VisualStudioVersion = 15.0.28307.1022
MinimumVisualStudioVersion = 10.0.40219.1
Project("{FAE04EC0-301F-11D3-BF4B-00C04F79EFBC}") = "16 Threads CH156", "16 Threads CH156\16 Threads CH156.csproj", "{E9E9E88F-A36E-469C-B703-DBB5F027BA88}"
EndProject
Global
	GlobalSection(SolutionConfigurationPlatforms) = preSolution
		Debug|Any CPU = Debug|Any CPU
		Release|Any CPU = Release|Any CPU
	EndGlobalSection
	GlobalSection(ProjectConfigurationPlatforms) = postSolution
		{E9E9E88F-A36E-469C-B703-DBB5F027BA88}.Debug|Any CPU.ActiveCfg = Debug|Any CPU
		{E9E9E88F-A36E-469C-B703-DBB5F027BA88}.Debug|Any CPU.Build.0 = Debug|Any CPU
		{E9E9E88F-A36E-469C-B703-DBB5F027BA88}.Release|Any CPU.ActiveCfg = Release|Any CPU
		{E9E9E88F-A36E-469C-B703-DBB5F027BA88}.Release|Any CPU.Build.0 = Release|Any CPU
	EndGlobalSection
	GlobalSection(SolutionProperties) = preSolution
		HideSolutionNode = FALSE
	EndGlobalSection
	GlobalSection(ExtensibilityGlobals) = postSolution
		SolutionGuid = {604F4B1E-3B0E-4555-8D63-EC0F6C2FFA78}
	EndGlobalSection
EndGlobal
